// !$*UTF8*$!
{
	archiveVersion = 1;
	classes = {
	};
	objectVersion = 51;
	objects = {

/* Begin PBXBuildFile section */
		A83EC68E0AD8541C547F2458 /* Pods_NHLLifeBookTests.framework in Frameworks */ = {isa = PBXBuildFile; fileRef = AA09A658006A6F212C531CA9 /* Pods_NHLLifeBookTests.framework */; };
		C5A92852A9B2FB5274C49813 /* Pods_NHLLifeBook.framework in Frameworks */ = {isa = PBXBuildFile; fileRef = F26132D1E91C54EBDB359D67 /* Pods_NHLLifeBook.framework */; };
		C5CBF0B59180DD379D6A1281 /* Pods_NHLLifeBookUITests.framework in Frameworks */ = {isa = PBXBuildFile; fileRef = FDD75B8BE7DB3097B197A6F9 /* Pods_NHLLifeBookUITests.framework */; };
		F13D8495238E7759005FA153 /* PropertyPanelBuilder.plist in Resources */ = {isa = PBXBuildFile; fileRef = F13D8494238E7759005FA153 /* PropertyPanelBuilder.plist */; };
		F13D8499238E77B2005FA153 /* NHLElementPanel.m in Sources */ = {isa = PBXBuildFile; fileRef = F13D8498238E77B2005FA153 /* NHLElementPanel.m */; };
		F13D849C238E77CC005FA153 /* NHLTextPanel.m in Sources */ = {isa = PBXBuildFile; fileRef = F13D849B238E77CC005FA153 /* NHLTextPanel.m */; };
		F13D849F238E77DB005FA153 /* NHLImagePanel.m in Sources */ = {isa = PBXBuildFile; fileRef = F13D849E238E77DB005FA153 /* NHLImagePanel.m */; };
		F13D84AB238E7E3A005FA153 /* NHLElementViewModel.m in Sources */ = {isa = PBXBuildFile; fileRef = F13D84AA238E7E3A005FA153 /* NHLElementViewModel.m */; };
		F13D84AE238E7FEA005FA153 /* NHLElementFrameModel.m in Sources */ = {isa = PBXBuildFile; fileRef = F13D84AD238E7FEA005FA153 /* NHLElementFrameModel.m */; };
		F13D84B2238E814A005FA153 /* NHLElementFrameCell.m in Sources */ = {isa = PBXBuildFile; fileRef = F13D84B1238E814A005FA153 /* NHLElementFrameCell.m */; };
		F13D84B6238E825C005FA153 /* NHLUIBuilder.m in Sources */ = {isa = PBXBuildFile; fileRef = F13D84B5238E825C005FA153 /* NHLUIBuilder.m */; };
		F13D84B9238E8717005FA153 /* NHLMakeBookController.m in Sources */ = {isa = PBXBuildFile; fileRef = F13D84B8238E8717005FA153 /* NHLMakeBookController.m */; };
		F13D84BE238E877C005FA153 /* NHLMakeBookViewModel.m in Sources */ = {isa = PBXBuildFile; fileRef = F13D84BD238E877C005FA153 /* NHLMakeBookViewModel.m */; };
		F150B4E72384F22F00DEBBEA /* AppDelegate.m in Sources */ = {isa = PBXBuildFile; fileRef = F150B4E62384F22F00DEBBEA /* AppDelegate.m */; };
		F150B4F22384F23100DEBBEA /* Assets.xcassets in Resources */ = {isa = PBXBuildFile; fileRef = F150B4F12384F23100DEBBEA /* Assets.xcassets */; };
		F150B4F52384F23100DEBBEA /* LaunchScreen.storyboard in Resources */ = {isa = PBXBuildFile; fileRef = F150B4F32384F23100DEBBEA /* LaunchScreen.storyboard */; };
		F150B4F82384F23100DEBBEA /* main.m in Sources */ = {isa = PBXBuildFile; fileRef = F150B4F72384F23100DEBBEA /* main.m */; };
		F150B5022384F23100DEBBEA /* NHLLifeBookTests.m in Sources */ = {isa = PBXBuildFile; fileRef = F150B5012384F23100DEBBEA /* NHLLifeBookTests.m */; };
		F150B50D2384F23100DEBBEA /* NHLLifeBookUITests.m in Sources */ = {isa = PBXBuildFile; fileRef = F150B50C2384F23100DEBBEA /* NHLLifeBookUITests.m */; };
		F1575BF4238FAD0500544E0C /* NHLElementBackgroundModel.m in Sources */ = {isa = PBXBuildFile; fileRef = F1575BF3238FAD0500544E0C /* NHLElementBackgroundModel.m */; };
		F1575BF7238FD2DD00544E0C /* NHLUIBook.m in Sources */ = {isa = PBXBuildFile; fileRef = F1575BF6238FD2DD00544E0C /* NHLUIBook.m */; };
		F17D608F238E6462009E1E57 /* NHLUIElement.m in Sources */ = {isa = PBXBuildFile; fileRef = F17D608E238E6462009E1E57 /* NHLUIElement.m */; };
		F17D6092238E64AE009E1E57 /* NHLUIPage.m in Sources */ = {isa = PBXBuildFile; fileRef = F17D6091238E64AE009E1E57 /* NHLUIPage.m */; };
		F17D6095238E6743009E1E57 /* NHLElementBuilder.m in Sources */ = {isa = PBXBuildFile; fileRef = F17D6094238E6743009E1E57 /* NHLElementBuilder.m */; };
		F17D6097238E68AD009E1E57 /* ElementBuilder.plist in Resources */ = {isa = PBXBuildFile; fileRef = F17D6096238E68AD009E1E57 /* ElementBuilder.plist */; };
		F1E8C2842390C22000E854D7 /* libNHLFoundation.a in Frameworks */ = {isa = PBXBuildFile; fileRef = F17D6085238E6063009E1E57 /* libNHLFoundation.a */; };
		F1E8C2852390C22000E854D7 /* libNHLUIKit.a in Frameworks */ = {isa = PBXBuildFile; fileRef = F17D6086238E6063009E1E57 /* libNHLUIKit.a */; };
		F1EBBADE2396247100C9A74F /* NHLMakeBookPanelViewModel.m in Sources */ = {isa = PBXBuildFile; fileRef = F1EBBADD2396247100C9A74F /* NHLMakeBookPanelViewModel.m */; };
		F1EBBAE12396250A00C9A74F /* NHLCollectionViewModel.m in Sources */ = {isa = PBXBuildFile; fileRef = F1EBBAE02396250A00C9A74F /* NHLCollectionViewModel.m */; };
		F1EBBAE42396251F00C9A74F /* NHLTableViewModel.m in Sources */ = {isa = PBXBuildFile; fileRef = F1EBBAE32396251F00C9A74F /* NHLTableViewModel.m */; };
		F1EBBAE823963BA600C9A74F /* NHLCollectionViewCell.m in Sources */ = {isa = PBXBuildFile; fileRef = F1EBBAE723963BA600C9A74F /* NHLCollectionViewCell.m */; };
		F1EBBAEB23963BBA00C9A74F /* NHLTableViewCell.m in Sources */ = {isa = PBXBuildFile; fileRef = F1EBBAEA23963BBA00C9A74F /* NHLTableViewCell.m */; };
		F1EBBAEF2396448100C9A74F /* NHLMakeBookPanelCell.m in Sources */ = {isa = PBXBuildFile; fileRef = F1EBBAEE2396448100C9A74F /* NHLMakeBookPanelCell.m */; };
		F1EBBAF32396450200C9A74F /* NHLMakeBookPanelModel.m in Sources */ = {isa = PBXBuildFile; fileRef = F1EBBAF22396450200C9A74F /* NHLMakeBookPanelModel.m */; };
/* End PBXBuildFile section */

/* Begin PBXContainerItemProxy section */
		F150B4FE2384F23100DEBBEA /* PBXContainerItemProxy */ = {
			isa = PBXContainerItemProxy;
			containerPortal = F150B4DA2384F22F00DEBBEA /* Project object */;
			proxyType = 1;
			remoteGlobalIDString = F150B4E12384F22F00DEBBEA;
			remoteInfo = NHLLifeBook;
		};
		F150B5092384F23100DEBBEA /* PBXContainerItemProxy */ = {
			isa = PBXContainerItemProxy;
			containerPortal = F150B4DA2384F22F00DEBBEA /* Project object */;
			proxyType = 1;
			remoteGlobalIDString = F150B4E12384F22F00DEBBEA;
			remoteInfo = NHLLifeBook;
		};
/* End PBXContainerItemProxy section */

/* Begin PBXFileReference section */
		00B6562B56E63BB8E08976EE /* Pods-NHLLifeBook.release.xcconfig */ = {isa = PBXFileReference; includeInIndex = 1; lastKnownFileType = text.xcconfig; name = "Pods-NHLLifeBook.release.xcconfig"; path = "Target Support Files/Pods-NHLLifeBook/Pods-NHLLifeBook.release.xcconfig"; sourceTree = "<group>"; };
		6F3393F375D6E18B0AB50E4E /* Pods-NHLLifeBookTests.release.xcconfig */ = {isa = PBXFileReference; includeInIndex = 1; lastKnownFileType = text.xcconfig; name = "Pods-NHLLifeBookTests.release.xcconfig"; path = "Target Support Files/Pods-NHLLifeBookTests/Pods-NHLLifeBookTests.release.xcconfig"; sourceTree = "<group>"; };
		732C362A3FF981A82BBBA50F /* Pods-App-NHLLifeBook.debug.xcconfig */ = {isa = PBXFileReference; includeInIndex = 1; lastKnownFileType = text.xcconfig; name = "Pods-App-NHLLifeBook.debug.xcconfig"; path = "Target Support Files/Pods-App-NHLLifeBook/Pods-App-NHLLifeBook.debug.xcconfig"; sourceTree = "<group>"; };
		746CC22E83CF2D64927A98AA /* Pods-NHLLifeBookTests.debug.xcconfig */ = {isa = PBXFileReference; includeInIndex = 1; lastKnownFileType = text.xcconfig; name = "Pods-NHLLifeBookTests.debug.xcconfig"; path = "Target Support Files/Pods-NHLLifeBookTests/Pods-NHLLifeBookTests.debug.xcconfig"; sourceTree = "<group>"; };
		78CD9F556B35144CE5B17384 /* Pods-NHLLifeBookUITests.release.xcconfig */ = {isa = PBXFileReference; includeInIndex = 1; lastKnownFileType = text.xcconfig; name = "Pods-NHLLifeBookUITests.release.xcconfig"; path = "Target Support Files/Pods-NHLLifeBookUITests/Pods-NHLLifeBookUITests.release.xcconfig"; sourceTree = "<group>"; };
		7AB64CCA20F092B553332380 /* Pods-NHLLifeBook.debug.xcconfig */ = {isa = PBXFileReference; includeInIndex = 1; lastKnownFileType = text.xcconfig; name = "Pods-NHLLifeBook.debug.xcconfig"; path = "Target Support Files/Pods-NHLLifeBook/Pods-NHLLifeBook.debug.xcconfig"; sourceTree = "<group>"; };
		8C58660CF46FC7685E4E8FED /* Pods-NHLLifeBookUITests.debug.xcconfig */ = {isa = PBXFileReference; includeInIndex = 1; lastKnownFileType = text.xcconfig; name = "Pods-NHLLifeBookUITests.debug.xcconfig"; path = "Target Support Files/Pods-NHLLifeBookUITests/Pods-NHLLifeBookUITests.debug.xcconfig"; sourceTree = "<group>"; };
		9D79B97EC1E13876624E6214 /* Pods-App-NHLLifeBook.release.xcconfig */ = {isa = PBXFileReference; includeInIndex = 1; lastKnownFileType = text.xcconfig; name = "Pods-App-NHLLifeBook.release.xcconfig"; path = "Target Support Files/Pods-App-NHLLifeBook/Pods-App-NHLLifeBook.release.xcconfig"; sourceTree = "<group>"; };
		AA09A658006A6F212C531CA9 /* Pods_NHLLifeBookTests.framework */ = {isa = PBXFileReference; explicitFileType = wrapper.framework; includeInIndex = 0; path = Pods_NHLLifeBookTests.framework; sourceTree = BUILT_PRODUCTS_DIR; };
		F13D8493238E6F77005FA153 /* NHLLifeBook.pch */ = {isa = PBXFileReference; lastKnownFileType = sourcecode.c.h; path = NHLLifeBook.pch; sourceTree = "<group>"; };
		F13D8494238E7759005FA153 /* PropertyPanelBuilder.plist */ = {isa = PBXFileReference; lastKnownFileType = text.plist.xml; path = PropertyPanelBuilder.plist; sourceTree = "<group>"; };
		F13D8497238E77B2005FA153 /* NHLElementPanel.h */ = {isa = PBXFileReference; lastKnownFileType = sourcecode.c.h; path = NHLElementPanel.h; sourceTree = "<group>"; };
		F13D8498238E77B2005FA153 /* NHLElementPanel.m */ = {isa = PBXFileReference; lastKnownFileType = sourcecode.c.objc; path = NHLElementPanel.m; sourceTree = "<group>"; };
		F13D849A238E77CC005FA153 /* NHLTextPanel.h */ = {isa = PBXFileReference; lastKnownFileType = sourcecode.c.h; path = NHLTextPanel.h; sourceTree = "<group>"; };
		F13D849B238E77CC005FA153 /* NHLTextPanel.m */ = {isa = PBXFileReference; lastKnownFileType = sourcecode.c.objc; path = NHLTextPanel.m; sourceTree = "<group>"; };
		F13D849D238E77DB005FA153 /* NHLImagePanel.h */ = {isa = PBXFileReference; lastKnownFileType = sourcecode.c.h; path = NHLImagePanel.h; sourceTree = "<group>"; };
		F13D849E238E77DB005FA153 /* NHLImagePanel.m */ = {isa = PBXFileReference; lastKnownFileType = sourcecode.c.objc; path = NHLImagePanel.m; sourceTree = "<group>"; };
		F13D84A9238E7E3A005FA153 /* NHLElementViewModel.h */ = {isa = PBXFileReference; lastKnownFileType = sourcecode.c.h; path = NHLElementViewModel.h; sourceTree = "<group>"; };
		F13D84AA238E7E3A005FA153 /* NHLElementViewModel.m */ = {isa = PBXFileReference; lastKnownFileType = sourcecode.c.objc; path = NHLElementViewModel.m; sourceTree = "<group>"; };
		F13D84AC238E7FEA005FA153 /* NHLElementFrameModel.h */ = {isa = PBXFileReference; lastKnownFileType = sourcecode.c.h; path = NHLElementFrameModel.h; sourceTree = "<group>"; };
		F13D84AD238E7FEA005FA153 /* NHLElementFrameModel.m */ = {isa = PBXFileReference; lastKnownFileType = sourcecode.c.objc; path = NHLElementFrameModel.m; sourceTree = "<group>"; };
		F13D84B0238E814A005FA153 /* NHLElementFrameCell.h */ = {isa = PBXFileReference; lastKnownFileType = sourcecode.c.h; path = NHLElementFrameCell.h; sourceTree = "<group>"; };
		F13D84B1238E814A005FA153 /* NHLElementFrameCell.m */ = {isa = PBXFileReference; lastKnownFileType = sourcecode.c.objc; path = NHLElementFrameCell.m; sourceTree = "<group>"; };
		F13D84B4238E825C005FA153 /* NHLUIBuilder.h */ = {isa = PBXFileReference; lastKnownFileType = sourcecode.c.h; path = NHLUIBuilder.h; sourceTree = "<group>"; };
		F13D84B5238E825C005FA153 /* NHLUIBuilder.m */ = {isa = PBXFileReference; lastKnownFileType = sourcecode.c.objc; path = NHLUIBuilder.m; sourceTree = "<group>"; };
		F13D84B7238E8717005FA153 /* NHLMakeBookController.h */ = {isa = PBXFileReference; lastKnownFileType = sourcecode.c.h; path = NHLMakeBookController.h; sourceTree = "<group>"; };
		F13D84B8238E8717005FA153 /* NHLMakeBookController.m */ = {isa = PBXFileReference; lastKnownFileType = sourcecode.c.objc; path = NHLMakeBookController.m; sourceTree = "<group>"; };
		F13D84BC238E877C005FA153 /* NHLMakeBookViewModel.h */ = {isa = PBXFileReference; lastKnownFileType = sourcecode.c.h; path = NHLMakeBookViewModel.h; sourceTree = "<group>"; };
		F13D84BD238E877C005FA153 /* NHLMakeBookViewModel.m */ = {isa = PBXFileReference; lastKnownFileType = sourcecode.c.objc; path = NHLMakeBookViewModel.m; sourceTree = "<group>"; };
		F150B4E22384F22F00DEBBEA /* NHLLifeBook.app */ = {isa = PBXFileReference; explicitFileType = wrapper.application; includeInIndex = 0; path = NHLLifeBook.app; sourceTree = BUILT_PRODUCTS_DIR; };
		F150B4E52384F22F00DEBBEA /* AppDelegate.h */ = {isa = PBXFileReference; lastKnownFileType = sourcecode.c.h; path = AppDelegate.h; sourceTree = "<group>"; };
		F150B4E62384F22F00DEBBEA /* AppDelegate.m */ = {isa = PBXFileReference; lastKnownFileType = sourcecode.c.objc; path = AppDelegate.m; sourceTree = "<group>"; };
		F150B4F12384F23100DEBBEA /* Assets.xcassets */ = {isa = PBXFileReference; lastKnownFileType = folder.assetcatalog; path = Assets.xcassets; sourceTree = "<group>"; };
		F150B4F42384F23100DEBBEA /* Base */ = {isa = PBXFileReference; lastKnownFileType = file.storyboard; name = Base; path = Base.lproj/LaunchScreen.storyboard; sourceTree = "<group>"; };
		F150B4F62384F23100DEBBEA /* Info.plist */ = {isa = PBXFileReference; lastKnownFileType = text.plist.xml; path = Info.plist; sourceTree = "<group>"; };
		F150B4F72384F23100DEBBEA /* main.m */ = {isa = PBXFileReference; lastKnownFileType = sourcecode.c.objc; path = main.m; sourceTree = "<group>"; };
		F150B4FD2384F23100DEBBEA /* NHLLifeBookTests.xctest */ = {isa = PBXFileReference; explicitFileType = wrapper.cfbundle; includeInIndex = 0; path = NHLLifeBookTests.xctest; sourceTree = BUILT_PRODUCTS_DIR; };
		F150B5012384F23100DEBBEA /* NHLLifeBookTests.m */ = {isa = PBXFileReference; lastKnownFileType = sourcecode.c.objc; path = NHLLifeBookTests.m; sourceTree = "<group>"; };
		F150B5032384F23100DEBBEA /* Info.plist */ = {isa = PBXFileReference; lastKnownFileType = text.plist.xml; path = Info.plist; sourceTree = "<group>"; };
		F150B5082384F23100DEBBEA /* NHLLifeBookUITests.xctest */ = {isa = PBXFileReference; explicitFileType = wrapper.cfbundle; includeInIndex = 0; path = NHLLifeBookUITests.xctest; sourceTree = BUILT_PRODUCTS_DIR; };
		F150B50C2384F23100DEBBEA /* NHLLifeBookUITests.m */ = {isa = PBXFileReference; lastKnownFileType = sourcecode.c.objc; path = NHLLifeBookUITests.m; sourceTree = "<group>"; };
		F150B50E2384F23100DEBBEA /* Info.plist */ = {isa = PBXFileReference; lastKnownFileType = text.plist.xml; path = Info.plist; sourceTree = "<group>"; };
		F1575BF2238FAD0500544E0C /* NHLElementBackgroundModel.h */ = {isa = PBXFileReference; lastKnownFileType = sourcecode.c.h; path = NHLElementBackgroundModel.h; sourceTree = "<group>"; };
		F1575BF3238FAD0500544E0C /* NHLElementBackgroundModel.m */ = {isa = PBXFileReference; lastKnownFileType = sourcecode.c.objc; path = NHLElementBackgroundModel.m; sourceTree = "<group>"; };
		F1575BF5238FD2DD00544E0C /* NHLUIBook.h */ = {isa = PBXFileReference; lastKnownFileType = sourcecode.c.h; path = NHLUIBook.h; sourceTree = "<group>"; };
		F1575BF6238FD2DD00544E0C /* NHLUIBook.m */ = {isa = PBXFileReference; lastKnownFileType = sourcecode.c.objc; path = NHLUIBook.m; sourceTree = "<group>"; };
		F17D6085238E6063009E1E57 /* libNHLFoundation.a */ = {isa = PBXFileReference; explicitFileType = archive.ar; path = libNHLFoundation.a; sourceTree = BUILT_PRODUCTS_DIR; };
		F17D6086238E6063009E1E57 /* libNHLUIKit.a */ = {isa = PBXFileReference; explicitFileType = archive.ar; path = libNHLUIKit.a; sourceTree = BUILT_PRODUCTS_DIR; };
		F17D608D238E6462009E1E57 /* NHLUIElement.h */ = {isa = PBXFileReference; lastKnownFileType = sourcecode.c.h; path = NHLUIElement.h; sourceTree = "<group>"; };
		F17D608E238E6462009E1E57 /* NHLUIElement.m */ = {isa = PBXFileReference; lastKnownFileType = sourcecode.c.objc; path = NHLUIElement.m; sourceTree = "<group>"; };
		F17D6090238E64AE009E1E57 /* NHLUIPage.h */ = {isa = PBXFileReference; lastKnownFileType = sourcecode.c.h; path = NHLUIPage.h; sourceTree = "<group>"; };
		F17D6091238E64AE009E1E57 /* NHLUIPage.m */ = {isa = PBXFileReference; lastKnownFileType = sourcecode.c.objc; path = NHLUIPage.m; sourceTree = "<group>"; };
		F17D6093238E6743009E1E57 /* NHLElementBuilder.h */ = {isa = PBXFileReference; lastKnownFileType = sourcecode.c.h; path = NHLElementBuilder.h; sourceTree = "<group>"; };
		F17D6094238E6743009E1E57 /* NHLElementBuilder.m */ = {isa = PBXFileReference; lastKnownFileType = sourcecode.c.objc; path = NHLElementBuilder.m; sourceTree = "<group>"; };
		F17D6096238E68AD009E1E57 /* ElementBuilder.plist */ = {isa = PBXFileReference; lastKnownFileType = text.plist.xml; path = ElementBuilder.plist; sourceTree = "<group>"; };
		F1EBBADC2396247100C9A74F /* NHLMakeBookPanelViewModel.h */ = {isa = PBXFileReference; lastKnownFileType = sourcecode.c.h; path = NHLMakeBookPanelViewModel.h; sourceTree = "<group>"; };
		F1EBBADD2396247100C9A74F /* NHLMakeBookPanelViewModel.m */ = {isa = PBXFileReference; lastKnownFileType = sourcecode.c.objc; path = NHLMakeBookPanelViewModel.m; sourceTree = "<group>"; };
		F1EBBADF2396250A00C9A74F /* NHLCollectionViewModel.h */ = {isa = PBXFileReference; lastKnownFileType = sourcecode.c.h; path = NHLCollectionViewModel.h; sourceTree = "<group>"; };
		F1EBBAE02396250A00C9A74F /* NHLCollectionViewModel.m */ = {isa = PBXFileReference; lastKnownFileType = sourcecode.c.objc; path = NHLCollectionViewModel.m; sourceTree = "<group>"; };
		F1EBBAE22396251F00C9A74F /* NHLTableViewModel.h */ = {isa = PBXFileReference; lastKnownFileType = sourcecode.c.h; path = NHLTableViewModel.h; sourceTree = "<group>"; };
		F1EBBAE32396251F00C9A74F /* NHLTableViewModel.m */ = {isa = PBXFileReference; lastKnownFileType = sourcecode.c.objc; path = NHLTableViewModel.m; sourceTree = "<group>"; };
		F1EBBAE623963BA600C9A74F /* NHLCollectionViewCell.h */ = {isa = PBXFileReference; lastKnownFileType = sourcecode.c.h; path = NHLCollectionViewCell.h; sourceTree = "<group>"; };
		F1EBBAE723963BA600C9A74F /* NHLCollectionViewCell.m */ = {isa = PBXFileReference; lastKnownFileType = sourcecode.c.objc; path = NHLCollectionViewCell.m; sourceTree = "<group>"; };
		F1EBBAE923963BBA00C9A74F /* NHLTableViewCell.h */ = {isa = PBXFileReference; lastKnownFileType = sourcecode.c.h; path = NHLTableViewCell.h; sourceTree = "<group>"; };
		F1EBBAEA23963BBA00C9A74F /* NHLTableViewCell.m */ = {isa = PBXFileReference; lastKnownFileType = sourcecode.c.objc; path = NHLTableViewCell.m; sourceTree = "<group>"; };
		F1EBBAED2396448100C9A74F /* NHLMakeBookPanelCell.h */ = {isa = PBXFileReference; lastKnownFileType = sourcecode.c.h; path = NHLMakeBookPanelCell.h; sourceTree = "<group>"; };
		F1EBBAEE2396448100C9A74F /* NHLMakeBookPanelCell.m */ = {isa = PBXFileReference; lastKnownFileType = sourcecode.c.objc; path = NHLMakeBookPanelCell.m; sourceTree = "<group>"; };
		F1EBBAF12396450200C9A74F /* NHLMakeBookPanelModel.h */ = {isa = PBXFileReference; lastKnownFileType = sourcecode.c.h; path = NHLMakeBookPanelModel.h; sourceTree = "<group>"; };
		F1EBBAF22396450200C9A74F /* NHLMakeBookPanelModel.m */ = {isa = PBXFileReference; lastKnownFileType = sourcecode.c.objc; path = NHLMakeBookPanelModel.m; sourceTree = "<group>"; };
		F26132D1E91C54EBDB359D67 /* Pods_NHLLifeBook.framework */ = {isa = PBXFileReference; explicitFileType = wrapper.framework; includeInIndex = 0; path = Pods_NHLLifeBook.framework; sourceTree = BUILT_PRODUCTS_DIR; };
		FDD75B8BE7DB3097B197A6F9 /* Pods_NHLLifeBookUITests.framework */ = {isa = PBXFileReference; explicitFileType = wrapper.framework; includeInIndex = 0; path = Pods_NHLLifeBookUITests.framework; sourceTree = BUILT_PRODUCTS_DIR; };
/* End PBXFileReference section */

/* Begin PBXFrameworksBuildPhase section */
		F150B4DF2384F22F00DEBBEA /* Frameworks */ = {
			isa = PBXFrameworksBuildPhase;
			buildActionMask = 2147483647;
			files = (
				F1E8C2842390C22000E854D7 /* libNHLFoundation.a in Frameworks */,
				F1E8C2852390C22000E854D7 /* libNHLUIKit.a in Frameworks */,
				C5A92852A9B2FB5274C49813 /* Pods_NHLLifeBook.framework in Frameworks */,
			);
			runOnlyForDeploymentPostprocessing = 0;
		};
		F150B4FA2384F23100DEBBEA /* Frameworks */ = {
			isa = PBXFrameworksBuildPhase;
			buildActionMask = 2147483647;
			files = (
				A83EC68E0AD8541C547F2458 /* Pods_NHLLifeBookTests.framework in Frameworks */,
			);
			runOnlyForDeploymentPostprocessing = 0;
		};
		F150B5052384F23100DEBBEA /* Frameworks */ = {
			isa = PBXFrameworksBuildPhase;
			buildActionMask = 2147483647;
			files = (
				C5CBF0B59180DD379D6A1281 /* Pods_NHLLifeBookUITests.framework in Frameworks */,
			);
			runOnlyForDeploymentPostprocessing = 0;
		};
/* End PBXFrameworksBuildPhase section */

/* Begin PBXGroup section */
		1E976AF27DCA16D941DDA353 /* Pods */ = {
			isa = PBXGroup;
			children = (
				7AB64CCA20F092B553332380 /* Pods-NHLLifeBook.debug.xcconfig */,
				00B6562B56E63BB8E08976EE /* Pods-NHLLifeBook.release.xcconfig */,
				746CC22E83CF2D64927A98AA /* Pods-NHLLifeBookTests.debug.xcconfig */,
				6F3393F375D6E18B0AB50E4E /* Pods-NHLLifeBookTests.release.xcconfig */,
				8C58660CF46FC7685E4E8FED /* Pods-NHLLifeBookUITests.debug.xcconfig */,
				78CD9F556B35144CE5B17384 /* Pods-NHLLifeBookUITests.release.xcconfig */,
				732C362A3FF981A82BBBA50F /* Pods-App-NHLLifeBook.debug.xcconfig */,
				9D79B97EC1E13876624E6214 /* Pods-App-NHLLifeBook.release.xcconfig */,
			);
			path = Pods;
			sourceTree = "<group>";
		};
		9D27DC288147B8D36BBB1931 /* Frameworks */ = {
			isa = PBXGroup;
			children = (
				F17D6085238E6063009E1E57 /* libNHLFoundation.a */,
				F17D6086238E6063009E1E57 /* libNHLUIKit.a */,
				AA09A658006A6F212C531CA9 /* Pods_NHLLifeBookTests.framework */,
				FDD75B8BE7DB3097B197A6F9 /* Pods_NHLLifeBookUITests.framework */,
				F26132D1E91C54EBDB359D67 /* Pods_NHLLifeBook.framework */,
			);
			name = Frameworks;
			sourceTree = "<group>";
		};
		F13D8496238E7775005FA153 /* Panel */ = {
			isa = PBXGroup;
			children = (
				F13D84AF238E8125005FA153 /* View */,
				F13D84A8238E7DF9005FA153 /* Model */,
				F13D84A7238E7DEB005FA153 /* ViewModel */,
				F13D8497238E77B2005FA153 /* NHLElementPanel.h */,
				F13D8498238E77B2005FA153 /* NHLElementPanel.m */,
				F13D849A238E77CC005FA153 /* NHLTextPanel.h */,
				F13D849B238E77CC005FA153 /* NHLTextPanel.m */,
				F13D849D238E77DB005FA153 /* NHLImagePanel.h */,
				F13D849E238E77DB005FA153 /* NHLImagePanel.m */,
			);
			path = Panel;
			sourceTree = "<group>";
		};
		F13D84A7238E7DEB005FA153 /* ViewModel */ = {
			isa = PBXGroup;
			children = (
				F13D84A9238E7E3A005FA153 /* NHLElementViewModel.h */,
				F13D84AA238E7E3A005FA153 /* NHLElementViewModel.m */,
			);
			path = ViewModel;
			sourceTree = "<group>";
		};
		F13D84A8238E7DF9005FA153 /* Model */ = {
			isa = PBXGroup;
			children = (
				F13D84AC238E7FEA005FA153 /* NHLElementFrameModel.h */,
				F13D84AD238E7FEA005FA153 /* NHLElementFrameModel.m */,
				F1575BF2238FAD0500544E0C /* NHLElementBackgroundModel.h */,
				F1575BF3238FAD0500544E0C /* NHLElementBackgroundModel.m */,
			);
			path = Model;
			sourceTree = "<group>";
		};
		F13D84AF238E8125005FA153 /* View */ = {
			isa = PBXGroup;
			children = (
				F13D84B0238E814A005FA153 /* NHLElementFrameCell.h */,
				F13D84B1238E814A005FA153 /* NHLElementFrameCell.m */,
			);
			path = View;
			sourceTree = "<group>";
		};
		F13D84BA238E8720005FA153 /* MakeBook */ = {
			isa = PBXGroup;
			children = (
				F1EBBAF0239644D300C9A74F /* Model */,
				F1EBBADB2396235700C9A74F /* View */,
				F13D84BB238E873D005FA153 /* ViewModel */,
				F13D84B7238E8717005FA153 /* NHLMakeBookController.h */,
				F13D84B8238E8717005FA153 /* NHLMakeBookController.m */,
			);
			path = MakeBook;
			sourceTree = "<group>";
		};
		F13D84BB238E873D005FA153 /* ViewModel */ = {
			isa = PBXGroup;
			children = (
				F1EBBADC2396247100C9A74F /* NHLMakeBookPanelViewModel.h */,
				F1EBBADD2396247100C9A74F /* NHLMakeBookPanelViewModel.m */,
				F13D84BC238E877C005FA153 /* NHLMakeBookViewModel.h */,
				F13D84BD238E877C005FA153 /* NHLMakeBookViewModel.m */,
			);
			path = ViewModel;
			sourceTree = "<group>";
		};
		F150B4D92384F22F00DEBBEA = {
			isa = PBXGroup;
			children = (
				F150B4E42384F22F00DEBBEA /* NHLLifeBook */,
				F150B5002384F23100DEBBEA /* NHLLifeBookTests */,
				F150B50B2384F23100DEBBEA /* NHLLifeBookUITests */,
				F150B4E32384F22F00DEBBEA /* Products */,
				1E976AF27DCA16D941DDA353 /* Pods */,
				9D27DC288147B8D36BBB1931 /* Frameworks */,
			);
			sourceTree = "<group>";
		};
		F150B4E32384F22F00DEBBEA /* Products */ = {
			isa = PBXGroup;
			children = (
				F150B4E22384F22F00DEBBEA /* NHLLifeBook.app */,
				F150B4FD2384F23100DEBBEA /* NHLLifeBookTests.xctest */,
				F150B5082384F23100DEBBEA /* NHLLifeBookUITests.xctest */,
			);
			name = Products;
			sourceTree = "<group>";
		};
		F150B4E42384F22F00DEBBEA /* NHLLifeBook */ = {
			isa = PBXGroup;
			children = (
				F1EBBAEC23963C4A00C9A74F /* App */,
				F17D6080238E5D2F009E1E57 /* ViewModel */,
				F1EBBAE523963B7700C9A74F /* View */,
				F17D607F238E5D21009E1E57 /* LifeBook */,
				F150B4E52384F22F00DEBBEA /* AppDelegate.h */,
				F150B4E62384F22F00DEBBEA /* AppDelegate.m */,
				F150B4F12384F23100DEBBEA /* Assets.xcassets */,
				F150B4F32384F23100DEBBEA /* LaunchScreen.storyboard */,
				F150B4F62384F23100DEBBEA /* Info.plist */,
				F150B4F72384F23100DEBBEA /* main.m */,
				F13D8493238E6F77005FA153 /* NHLLifeBook.pch */,
			);
			path = NHLLifeBook;
			sourceTree = "<group>";
		};
		F150B5002384F23100DEBBEA /* NHLLifeBookTests */ = {
			isa = PBXGroup;
			children = (
				F150B5012384F23100DEBBEA /* NHLLifeBookTests.m */,
				F150B5032384F23100DEBBEA /* Info.plist */,
			);
			path = NHLLifeBookTests;
			sourceTree = "<group>";
		};
		F150B50B2384F23100DEBBEA /* NHLLifeBookUITests */ = {
			isa = PBXGroup;
			children = (
				F150B50C2384F23100DEBBEA /* NHLLifeBookUITests.m */,
				F150B50E2384F23100DEBBEA /* Info.plist */,
			);
			path = NHLLifeBookUITests;
			sourceTree = "<group>";
		};
		F17D607E238E5D0D009E1E57 /* Builder */ = {
			isa = PBXGroup;
			children = (
				F17D6093238E6743009E1E57 /* NHLElementBuilder.h */,
				F17D6094238E6743009E1E57 /* NHLElementBuilder.m */,
				F17D6096238E68AD009E1E57 /* ElementBuilder.plist */,
				F13D8494238E7759005FA153 /* PropertyPanelBuilder.plist */,
			);
			path = Builder;
			sourceTree = "<group>";
		};
		F17D607F238E5D21009E1E57 /* LifeBook */ = {
			isa = PBXGroup;
			children = (
				F13D8496238E7775005FA153 /* Panel */,
				F17D608C238E63F8009E1E57 /* Element */,
				F17D607E238E5D0D009E1E57 /* Builder */,
				F1575BF5238FD2DD00544E0C /* NHLUIBook.h */,
				F1575BF6238FD2DD00544E0C /* NHLUIBook.m */,
			);
			path = LifeBook;
			sourceTree = "<group>";
		};
		F17D6080238E5D2F009E1E57 /* ViewModel */ = {
			isa = PBXGroup;
			children = (
				F1EBBADF2396250A00C9A74F /* NHLCollectionViewModel.h */,
				F1EBBAE02396250A00C9A74F /* NHLCollectionViewModel.m */,
				F1EBBAE22396251F00C9A74F /* NHLTableViewModel.h */,
				F1EBBAE32396251F00C9A74F /* NHLTableViewModel.m */,
			);
			path = ViewModel;
			sourceTree = "<group>";
		};
		F17D608C238E63F8009E1E57 /* Element */ = {
			isa = PBXGroup;
			children = (
				F17D608D238E6462009E1E57 /* NHLUIElement.h */,
				F17D608E238E6462009E1E57 /* NHLUIElement.m */,
				F17D6090238E64AE009E1E57 /* NHLUIPage.h */,
				F17D6091238E64AE009E1E57 /* NHLUIPage.m */,
			);
			path = Element;
			sourceTree = "<group>";
		};
		F1EBBADB2396235700C9A74F /* View */ = {
			isa = PBXGroup;
			children = (
				F1EBBAED2396448100C9A74F /* NHLMakeBookPanelCell.h */,
				F1EBBAEE2396448100C9A74F /* NHLMakeBookPanelCell.m */,
			);
			path = View;
			sourceTree = "<group>";
		};
		F1EBBAE523963B7700C9A74F /* View */ = {
			isa = PBXGroup;
			children = (
				F1EBBAE623963BA600C9A74F /* NHLCollectionViewCell.h */,
				F1EBBAE723963BA600C9A74F /* NHLCollectionViewCell.m */,
				F1EBBAE923963BBA00C9A74F /* NHLTableViewCell.h */,
				F1EBBAEA23963BBA00C9A74F /* NHLTableViewCell.m */,
			);
			path = View;
			sourceTree = "<group>";
		};
		F1EBBAEC23963C4A00C9A74F /* App */ = {
			isa = PBXGroup;
			children = (
				F13D84BA238E8720005FA153 /* MakeBook */,
				F13D84B4238E825C005FA153 /* NHLUIBuilder.h */,
				F13D84B5238E825C005FA153 /* NHLUIBuilder.m */,
			);
			path = App;
			sourceTree = "<group>";
		};
		F1EBBAF0239644D300C9A74F /* Model */ = {
			isa = PBXGroup;
			children = (
				F1EBBAF12396450200C9A74F /* NHLMakeBookPanelModel.h */,
				F1EBBAF22396450200C9A74F /* NHLMakeBookPanelModel.m */,
			);
			path = Model;
			sourceTree = "<group>";
		};
/* End PBXGroup section */

/* Begin PBXNativeTarget section */
		F150B4E12384F22F00DEBBEA /* NHLLifeBook */ = {
			isa = PBXNativeTarget;
			buildConfigurationList = F150B5112384F23100DEBBEA /* Build configuration list for PBXNativeTarget "NHLLifeBook" */;
			buildPhases = (
				7B2D5BC113CAD5713F5ABBB3 /* [CP] Check Pods Manifest.lock */,
				F150B4DE2384F22F00DEBBEA /* Sources */,
				F150B4DF2384F22F00DEBBEA /* Frameworks */,
				F150B4E02384F22F00DEBBEA /* Resources */,
				0D576BEFAC763D5B4A912E96 /* [CP] Embed Pods Frameworks */,
			);
			buildRules = (
			);
			dependencies = (
			);
			name = NHLLifeBook;
			productName = NHLLifeBook;
			productReference = F150B4E22384F22F00DEBBEA /* NHLLifeBook.app */;
			productType = "com.apple.product-type.application";
		};
		F150B4FC2384F23100DEBBEA /* NHLLifeBookTests */ = {
			isa = PBXNativeTarget;
			buildConfigurationList = F150B5142384F23100DEBBEA /* Build configuration list for PBXNativeTarget "NHLLifeBookTests" */;
			buildPhases = (
				28265A8EF5960FE5E6080976 /* [CP] Check Pods Manifest.lock */,
				F150B4F92384F23100DEBBEA /* Sources */,
				F150B4FA2384F23100DEBBEA /* Frameworks */,
				F150B4FB2384F23100DEBBEA /* Resources */,
			);
			buildRules = (
			);
			dependencies = (
				F150B4FF2384F23100DEBBEA /* PBXTargetDependency */,
			);
			name = NHLLifeBookTests;
			productName = NHLLifeBookTests;
			productReference = F150B4FD2384F23100DEBBEA /* NHLLifeBookTests.xctest */;
			productType = "com.apple.product-type.bundle.unit-test";
		};
		F150B5072384F23100DEBBEA /* NHLLifeBookUITests */ = {
			isa = PBXNativeTarget;
			buildConfigurationList = F150B5172384F23100DEBBEA /* Build configuration list for PBXNativeTarget "NHLLifeBookUITests" */;
			buildPhases = (
				EE567CBD07F7E97CD2A04CE6 /* [CP] Check Pods Manifest.lock */,
				F150B5042384F23100DEBBEA /* Sources */,
				F150B5052384F23100DEBBEA /* Frameworks */,
				F150B5062384F23100DEBBEA /* Resources */,
			);
			buildRules = (
			);
			dependencies = (
				F150B50A2384F23100DEBBEA /* PBXTargetDependency */,
			);
			name = NHLLifeBookUITests;
			productName = NHLLifeBookUITests;
			productReference = F150B5082384F23100DEBBEA /* NHLLifeBookUITests.xctest */;
			productType = "com.apple.product-type.bundle.ui-testing";
		};
/* End PBXNativeTarget section */

/* Begin PBXProject section */
		F150B4DA2384F22F00DEBBEA /* Project object */ = {
			isa = PBXProject;
			attributes = {
				CLASSPREFIX = NHL;
				LastUpgradeCheck = 1120;
				ORGANIZATIONNAME = ItghostFan;
				TargetAttributes = {
					F150B4E12384F22F00DEBBEA = {
						CreatedOnToolsVersion = 11.2;
					};
					F150B4FC2384F23100DEBBEA = {
						CreatedOnToolsVersion = 11.2;
						TestTargetID = F150B4E12384F22F00DEBBEA;
					};
					F150B5072384F23100DEBBEA = {
						CreatedOnToolsVersion = 11.2;
						TestTargetID = F150B4E12384F22F00DEBBEA;
					};
				};
			};
			buildConfigurationList = F150B4DD2384F22F00DEBBEA /* Build configuration list for PBXProject "NHLLifeBook" */;
			compatibilityVersion = "Xcode 9.3";
			developmentRegion = en;
			hasScannedForEncodings = 0;
			knownRegions = (
				en,
				Base,
			);
			mainGroup = F150B4D92384F22F00DEBBEA;
			productRefGroup = F150B4E32384F22F00DEBBEA /* Products */;
			projectDirPath = "";
			projectRoot = "";
			targets = (
				F150B4E12384F22F00DEBBEA /* NHLLifeBook */,
				F150B4FC2384F23100DEBBEA /* NHLLifeBookTests */,
				F150B5072384F23100DEBBEA /* NHLLifeBookUITests */,
			);
		};
/* End PBXProject section */

/* Begin PBXResourcesBuildPhase section */
		F150B4E02384F22F00DEBBEA /* Resources */ = {
			isa = PBXResourcesBuildPhase;
			buildActionMask = 2147483647;
			files = (
				F13D8495238E7759005FA153 /* PropertyPanelBuilder.plist in Resources */,
				F150B4F52384F23100DEBBEA /* LaunchScreen.storyboard in Resources */,
				F150B4F22384F23100DEBBEA /* Assets.xcassets in Resources */,
				F17D6097238E68AD009E1E57 /* ElementBuilder.plist in Resources */,
			);
			runOnlyForDeploymentPostprocessing = 0;
		};
		F150B4FB2384F23100DEBBEA /* Resources */ = {
			isa = PBXResourcesBuildPhase;
			buildActionMask = 2147483647;
			files = (
			);
			runOnlyForDeploymentPostprocessing = 0;
		};
		F150B5062384F23100DEBBEA /* Resources */ = {
			isa = PBXResourcesBuildPhase;
			buildActionMask = 2147483647;
			files = (
			);
			runOnlyForDeploymentPostprocessing = 0;
		};
/* End PBXResourcesBuildPhase section */

/* Begin PBXShellScriptBuildPhase section */
		0D576BEFAC763D5B4A912E96 /* [CP] Embed Pods Frameworks */ = {
			isa = PBXShellScriptBuildPhase;
			buildActionMask = 2147483647;
			files = (
			);
			inputFileListPaths = (
				"${PODS_ROOT}/Target Support Files/Pods-NHLLifeBook/Pods-NHLLifeBook-frameworks-${CONFIGURATION}-input-files.xcfilelist",
			);
			name = "[CP] Embed Pods Frameworks";
			outputFileListPaths = (
				"${PODS_ROOT}/Target Support Files/Pods-NHLLifeBook/Pods-NHLLifeBook-frameworks-${CONFIGURATION}-output-files.xcfilelist",
			);
			runOnlyForDeploymentPostprocessing = 0;
			shellPath = /bin/sh;
			shellScript = "\"${PODS_ROOT}/Target Support Files/Pods-NHLLifeBook/Pods-NHLLifeBook-frameworks.sh\"\n";
			showEnvVarsInLog = 0;
		};
		28265A8EF5960FE5E6080976 /* [CP] Check Pods Manifest.lock */ = {
			isa = PBXShellScriptBuildPhase;
			buildActionMask = 2147483647;
			files = (
			);
			inputFileListPaths = (
			);
			inputPaths = (
				"${PODS_PODFILE_DIR_PATH}/Podfile.lock",
				"${PODS_ROOT}/Manifest.lock",
			);
			name = "[CP] Check Pods Manifest.lock";
			outputFileListPaths = (
			);
			outputPaths = (
				"$(DERIVED_FILE_DIR)/Pods-NHLLifeBookTests-checkManifestLockResult.txt",
			);
			runOnlyForDeploymentPostprocessing = 0;
			shellPath = /bin/sh;
			shellScript = "diff \"${PODS_PODFILE_DIR_PATH}/Podfile.lock\" \"${PODS_ROOT}/Manifest.lock\" > /dev/null\nif [ $? != 0 ] ; then\n    # print error to STDERR\n    echo \"error: The sandbox is not in sync with the Podfile.lock. Run 'pod install' or update your CocoaPods installation.\" >&2\n    exit 1\nfi\n# This output is used by Xcode 'outputs' to avoid re-running this script phase.\necho \"SUCCESS\" > \"${SCRIPT_OUTPUT_FILE_0}\"\n";
			showEnvVarsInLog = 0;
		};
		7B2D5BC113CAD5713F5ABBB3 /* [CP] Check Pods Manifest.lock */ = {
			isa = PBXShellScriptBuildPhase;
			buildActionMask = 2147483647;
			files = (
			);
			inputFileListPaths = (
			);
			inputPaths = (
				"${PODS_PODFILE_DIR_PATH}/Podfile.lock",
				"${PODS_ROOT}/Manifest.lock",
			);
			name = "[CP] Check Pods Manifest.lock";
			outputFileListPaths = (
			);
			outputPaths = (
				"$(DERIVED_FILE_DIR)/Pods-NHLLifeBook-checkManifestLockResult.txt",
			);
			runOnlyForDeploymentPostprocessing = 0;
			shellPath = /bin/sh;
			shellScript = "diff \"${PODS_PODFILE_DIR_PATH}/Podfile.lock\" \"${PODS_ROOT}/Manifest.lock\" > /dev/null\nif [ $? != 0 ] ; then\n    # print error to STDERR\n    echo \"error: The sandbox is not in sync with the Podfile.lock. Run 'pod install' or update your CocoaPods installation.\" >&2\n    exit 1\nfi\n# This output is used by Xcode 'outputs' to avoid re-running this script phase.\necho \"SUCCESS\" > \"${SCRIPT_OUTPUT_FILE_0}\"\n";
			showEnvVarsInLog = 0;
		};
		EE567CBD07F7E97CD2A04CE6 /* [CP] Check Pods Manifest.lock */ = {
			isa = PBXShellScriptBuildPhase;
			buildActionMask = 2147483647;
			files = (
			);
			inputFileListPaths = (
			);
			inputPaths = (
				"${PODS_PODFILE_DIR_PATH}/Podfile.lock",
				"${PODS_ROOT}/Manifest.lock",
			);
			name = "[CP] Check Pods Manifest.lock";
			outputFileListPaths = (
			);
			outputPaths = (
				"$(DERIVED_FILE_DIR)/Pods-NHLLifeBookUITests-checkManifestLockResult.txt",
			);
			runOnlyForDeploymentPostprocessing = 0;
			shellPath = /bin/sh;
			shellScript = "diff \"${PODS_PODFILE_DIR_PATH}/Podfile.lock\" \"${PODS_ROOT}/Manifest.lock\" > /dev/null\nif [ $? != 0 ] ; then\n    # print error to STDERR\n    echo \"error: The sandbox is not in sync with the Podfile.lock. Run 'pod install' or update your CocoaPods installation.\" >&2\n    exit 1\nfi\n# This output is used by Xcode 'outputs' to avoid re-running this script phase.\necho \"SUCCESS\" > \"${SCRIPT_OUTPUT_FILE_0}\"\n";
			showEnvVarsInLog = 0;
		};
/* End PBXShellScriptBuildPhase section */

/* Begin PBXSourcesBuildPhase section */
		F150B4DE2384F22F00DEBBEA /* Sources */ = {
			isa = PBXSourcesBuildPhase;
			buildActionMask = 2147483647;
			files = (
				F1EBBAEB23963BBA00C9A74F /* NHLTableViewCell.m in Sources */,
				F1575BF7238FD2DD00544E0C /* NHLUIBook.m in Sources */,
				F1EBBADE2396247100C9A74F /* NHLMakeBookPanelViewModel.m in Sources */,
				F1EBBAE42396251F00C9A74F /* NHLTableViewModel.m in Sources */,
				F13D84BE238E877C005FA153 /* NHLMakeBookViewModel.m in Sources */,
				F13D84B6238E825C005FA153 /* NHLUIBuilder.m in Sources */,
				F17D6095238E6743009E1E57 /* NHLElementBuilder.m in Sources */,
				F13D84B2238E814A005FA153 /* NHLElementFrameCell.m in Sources */,
				F1EBBAF32396450200C9A74F /* NHLMakeBookPanelModel.m in Sources */,
				F1EBBAEF2396448100C9A74F /* NHLMakeBookPanelCell.m in Sources */,
				F150B4E72384F22F00DEBBEA /* AppDelegate.m in Sources */,
				F13D8499238E77B2005FA153 /* NHLElementPanel.m in Sources */,
				F13D84B9238E8717005FA153 /* NHLMakeBookController.m in Sources */,
				F150B4F82384F23100DEBBEA /* main.m in Sources */,
				F17D608F238E6462009E1E57 /* NHLUIElement.m in Sources */,
				F13D849C238E77CC005FA153 /* NHLTextPanel.m in Sources */,
				F1575BF4238FAD0500544E0C /* NHLElementBackgroundModel.m in Sources */,
				F17D6092238E64AE009E1E57 /* NHLUIPage.m in Sources */,
				F13D84AB238E7E3A005FA153 /* NHLElementViewModel.m in Sources */,
				F1EBBAE12396250A00C9A74F /* NHLCollectionViewModel.m in Sources */,
				F13D849F238E77DB005FA153 /* NHLImagePanel.m in Sources */,
				F13D84AE238E7FEA005FA153 /* NHLElementFrameModel.m in Sources */,
				F1EBBAE823963BA600C9A74F /* NHLCollectionViewCell.m in Sources */,
			);
			runOnlyForDeploymentPostprocessing = 0;
		};
		F150B4F92384F23100DEBBEA /* Sources */ = {
			isa = PBXSourcesBuildPhase;
			buildActionMask = 2147483647;
			files = (
				F150B5022384F23100DEBBEA /* NHLLifeBookTests.m in Sources */,
			);
			runOnlyForDeploymentPostprocessing = 0;
		};
		F150B5042384F23100DEBBEA /* Sources */ = {
			isa = PBXSourcesBuildPhase;
			buildActionMask = 2147483647;
			files = (
				F150B50D2384F23100DEBBEA /* NHLLifeBookUITests.m in Sources */,
			);
			runOnlyForDeploymentPostprocessing = 0;
		};
/* End PBXSourcesBuildPhase section */

/* Begin PBXTargetDependency section */
		F150B4FF2384F23100DEBBEA /* PBXTargetDependency */ = {
			isa = PBXTargetDependency;
			target = F150B4E12384F22F00DEBBEA /* NHLLifeBook */;
			targetProxy = F150B4FE2384F23100DEBBEA /* PBXContainerItemProxy */;
		};
		F150B50A2384F23100DEBBEA /* PBXTargetDependency */ = {
			isa = PBXTargetDependency;
			target = F150B4E12384F22F00DEBBEA /* NHLLifeBook */;
			targetProxy = F150B5092384F23100DEBBEA /* PBXContainerItemProxy */;
		};
/* End PBXTargetDependency section */

/* Begin PBXVariantGroup section */
		F150B4F32384F23100DEBBEA /* LaunchScreen.storyboard */ = {
			isa = PBXVariantGroup;
			children = (
				F150B4F42384F23100DEBBEA /* Base */,
			);
			name = LaunchScreen.storyboard;
			sourceTree = "<group>";
		};
/* End PBXVariantGroup section */

/* Begin XCBuildConfiguration section */
		F150B50F2384F23100DEBBEA /* Debug */ = {
			isa = XCBuildConfiguration;
			buildSettings = {
				ALWAYS_SEARCH_USER_PATHS = NO;
				CLANG_ANALYZER_NONNULL = YES;
				CLANG_ANALYZER_NUMBER_OBJECT_CONVERSION = YES_AGGRESSIVE;
				CLANG_CXX_LANGUAGE_STANDARD = "gnu++14";
				CLANG_CXX_LIBRARY = "libc++";
				CLANG_ENABLE_MODULES = YES;
				CLANG_ENABLE_OBJC_ARC = YES;
				CLANG_ENABLE_OBJC_WEAK = YES;
				CLANG_WARN_BLOCK_CAPTURE_AUTORELEASING = YES;
				CLANG_WARN_BOOL_CONVERSION = YES;
				CLANG_WARN_COMMA = YES;
				CLANG_WARN_CONSTANT_CONVERSION = YES;
				CLANG_WARN_DEPRECATED_OBJC_IMPLEMENTATIONS = YES;
				CLANG_WARN_DIRECT_OBJC_ISA_USAGE = YES_ERROR;
				CLANG_WARN_DOCUMENTATION_COMMENTS = YES;
				CLANG_WARN_EMPTY_BODY = YES;
				CLANG_WARN_ENUM_CONVERSION = YES;
				CLANG_WARN_INFINITE_RECURSION = YES;
				CLANG_WARN_INT_CONVERSION = YES;
				CLANG_WARN_NON_LITERAL_NULL_CONVERSION = YES;
				CLANG_WARN_OBJC_IMPLICIT_RETAIN_SELF = YES;
				CLANG_WARN_OBJC_LITERAL_CONVERSION = YES;
				CLANG_WARN_OBJC_ROOT_CLASS = YES_ERROR;
				CLANG_WARN_RANGE_LOOP_ANALYSIS = YES;
				CLANG_WARN_STRICT_PROTOTYPES = YES;
				CLANG_WARN_SUSPICIOUS_MOVE = YES;
				CLANG_WARN_UNGUARDED_AVAILABILITY = YES_AGGRESSIVE;
				CLANG_WARN_UNREACHABLE_CODE = YES;
				CLANG_WARN__DUPLICATE_METHOD_MATCH = YES;
				COPY_PHASE_STRIP = NO;
				DEBUG_INFORMATION_FORMAT = dwarf;
				ENABLE_STRICT_OBJC_MSGSEND = YES;
				ENABLE_TESTABILITY = YES;
				GCC_C_LANGUAGE_STANDARD = gnu11;
				GCC_DYNAMIC_NO_PIC = NO;
				GCC_NO_COMMON_BLOCKS = YES;
				GCC_OPTIMIZATION_LEVEL = 0;
				GCC_PREPROCESSOR_DEFINITIONS = (
					"DEBUG=1",
					"$(inherited)",
				);
				GCC_WARN_64_TO_32_BIT_CONVERSION = YES;
				GCC_WARN_ABOUT_RETURN_TYPE = YES_ERROR;
				GCC_WARN_UNDECLARED_SELECTOR = YES;
				GCC_WARN_UNINITIALIZED_AUTOS = YES_AGGRESSIVE;
				GCC_WARN_UNUSED_FUNCTION = YES;
				GCC_WARN_UNUSED_VARIABLE = YES;
				IPHONEOS_DEPLOYMENT_TARGET = 9.0;
				MTL_ENABLE_DEBUG_INFO = INCLUDE_SOURCE;
				MTL_FAST_MATH = YES;
				ONLY_ACTIVE_ARCH = YES;
				SDKROOT = iphoneos;
			};
			name = Debug;
		};
		F150B5102384F23100DEBBEA /* Release */ = {
			isa = XCBuildConfiguration;
			buildSettings = {
				ALWAYS_SEARCH_USER_PATHS = NO;
				CLANG_ANALYZER_NONNULL = YES;
				CLANG_ANALYZER_NUMBER_OBJECT_CONVERSION = YES_AGGRESSIVE;
				CLANG_CXX_LANGUAGE_STANDARD = "gnu++14";
				CLANG_CXX_LIBRARY = "libc++";
				CLANG_ENABLE_MODULES = YES;
				CLANG_ENABLE_OBJC_ARC = YES;
				CLANG_ENABLE_OBJC_WEAK = YES;
				CLANG_WARN_BLOCK_CAPTURE_AUTORELEASING = YES;
				CLANG_WARN_BOOL_CONVERSION = YES;
				CLANG_WARN_COMMA = YES;
				CLANG_WARN_CONSTANT_CONVERSION = YES;
				CLANG_WARN_DEPRECATED_OBJC_IMPLEMENTATIONS = YES;
				CLANG_WARN_DIRECT_OBJC_ISA_USAGE = YES_ERROR;
				CLANG_WARN_DOCUMENTATION_COMMENTS = YES;
				CLANG_WARN_EMPTY_BODY = YES;
				CLANG_WARN_ENUM_CONVERSION = YES;
				CLANG_WARN_INFINITE_RECURSION = YES;
				CLANG_WARN_INT_CONVERSION = YES;
				CLANG_WARN_NON_LITERAL_NULL_CONVERSION = YES;
				CLANG_WARN_OBJC_IMPLICIT_RETAIN_SELF = YES;
				CLANG_WARN_OBJC_LITERAL_CONVERSION = YES;
				CLANG_WARN_OBJC_ROOT_CLASS = YES_ERROR;
				CLANG_WARN_RANGE_LOOP_ANALYSIS = YES;
				CLANG_WARN_STRICT_PROTOTYPES = YES;
				CLANG_WARN_SUSPICIOUS_MOVE = YES;
				CLANG_WARN_UNGUARDED_AVAILABILITY = YES_AGGRESSIVE;
				CLANG_WARN_UNREACHABLE_CODE = YES;
				CLANG_WARN__DUPLICATE_METHOD_MATCH = YES;
				COPY_PHASE_STRIP = NO;
				DEBUG_INFORMATION_FORMAT = "dwarf-with-dsym";
				ENABLE_NS_ASSERTIONS = NO;
				ENABLE_STRICT_OBJC_MSGSEND = YES;
				GCC_C_LANGUAGE_STANDARD = gnu11;
				GCC_NO_COMMON_BLOCKS = YES;
				GCC_WARN_64_TO_32_BIT_CONVERSION = YES;
				GCC_WARN_ABOUT_RETURN_TYPE = YES_ERROR;
				GCC_WARN_UNDECLARED_SELECTOR = YES;
				GCC_WARN_UNINITIALIZED_AUTOS = YES_AGGRESSIVE;
				GCC_WARN_UNUSED_FUNCTION = YES;
				GCC_WARN_UNUSED_VARIABLE = YES;
				IPHONEOS_DEPLOYMENT_TARGET = 9.0;
				MTL_ENABLE_DEBUG_INFO = NO;
				MTL_FAST_MATH = YES;
				SDKROOT = iphoneos;
				VALIDATE_PRODUCT = YES;
			};
			name = Release;
		};
		F150B5122384F23100DEBBEA /* Debug */ = {
			isa = XCBuildConfiguration;
			baseConfigurationReference = 7AB64CCA20F092B553332380 /* Pods-NHLLifeBook.debug.xcconfig */;
			buildSettings = {
				ASSETCATALOG_COMPILER_APPICON_NAME = AppIcon;
				CODE_SIGN_STYLE = Automatic;
				DEVELOPMENT_TEAM = XG9433FZR9;
				GCC_PREFIX_HEADER = ./NHLLifeBook/NHLLifeBook.pch;
				INFOPLIST_FILE = NHLLifeBook/Info.plist;
				IPHONEOS_DEPLOYMENT_TARGET = 9.0;
				LD_RUNPATH_SEARCH_PATHS = (
					"$(inherited)",
					"@executable_path/Frameworks",
				);
				OTHER_LDFLAGS = (
					"$(inherited)",
					"-framework",
					"\"CocoaLumberjack\"",
					"-framework",
					"\"Foundation\"",
					"-framework",
					"\"Masonry\"",
					"-framework",
					"\"ReactiveCocoa\"",
					"-framework",
					"\"UIKit\"",
					"-all_load",
				);
				PRODUCT_BUNDLE_IDENTIFIER = nihility.NHLLifeBook;
				PRODUCT_NAME = "$(TARGET_NAME)";
				TARGETED_DEVICE_FAMILY = "1,2";
				USER_HEADER_SEARCH_PATHS = (
					"\"$(SRCROOT)/../Pods/NHLFoundation/NHLFoundation\"/**",
					"\"$(SRCROOT)/../Pods/NHLUIKit/NHLUIKit\"/**",
				);
			};
			name = Debug;
		};
		F150B5132384F23100DEBBEA /* Release */ = {
			isa = XCBuildConfiguration;
			baseConfigurationReference = 00B6562B56E63BB8E08976EE /* Pods-NHLLifeBook.release.xcconfig */;
			buildSettings = {
				ASSETCATALOG_COMPILER_APPICON_NAME = AppIcon;
				CODE_SIGN_STYLE = Automatic;
				DEVELOPMENT_TEAM = XG9433FZR9;
				GCC_PREFIX_HEADER = ./NHLLifeBook/NHLLifeBook.pch;
				INFOPLIST_FILE = NHLLifeBook/Info.plist;
				IPHONEOS_DEPLOYMENT_TARGET = 9.0;
				LD_RUNPATH_SEARCH_PATHS = (
					"$(inherited)",
					"@executable_path/Frameworks",
				);
				OTHER_LDFLAGS = (
					"$(inherited)",
					"-framework",
					"\"CocoaLumberjack\"",
					"-framework",
					"\"Foundation\"",
					"-framework",
					"\"Masonry\"",
					"-framework",
					"\"ReactiveCocoa\"",
					"-framework",
					"\"UIKit\"",
					"-all_load",
				);
				PRODUCT_BUNDLE_IDENTIFIER = nihility.NHLLifeBook;
				PRODUCT_NAME = "$(TARGET_NAME)";
				TARGETED_DEVICE_FAMILY = "1,2";
				USER_HEADER_SEARCH_PATHS = (
					"\"$(SRCROOT)/../Pods/NHLFoundation/NHLFoundation\"/**",
					"\"$(SRCROOT)/../Pods/NHLUIKit/NHLUIKit\"/**",
				);
			};
			name = Release;
		};
		F150B5152384F23100DEBBEA /* Debug */ = {
			isa = XCBuildConfiguration;
			baseConfigurationReference = 746CC22E83CF2D64927A98AA /* Pods-NHLLifeBookTests.debug.xcconfig */;
			buildSettings = {
				BUNDLE_LOADER = "$(TEST_HOST)";
				CODE_SIGN_STYLE = Automatic;
				DEVELOPMENT_TEAM = XG9433FZR9;
				INFOPLIST_FILE = NHLLifeBookTests/Info.plist;
				IPHONEOS_DEPLOYMENT_TARGET = 13.2;
				LD_RUNPATH_SEARCH_PATHS = (
					"$(inherited)",
					"@executable_path/Frameworks",
					"@loader_path/Frameworks",
				);
				PRODUCT_BUNDLE_IDENTIFIER = nihility.NHLLifeBookTests;
				PRODUCT_NAME = "$(TARGET_NAME)";
				TARGETED_DEVICE_FAMILY = "1,2";
				TEST_HOST = "$(BUILT_PRODUCTS_DIR)/NHLLifeBook.app/NHLLifeBook";
			};
			name = Debug;
		};
		F150B5162384F23100DEBBEA /* Release */ = {
			isa = XCBuildConfiguration;
			baseConfigurationReference = 6F3393F375D6E18B0AB50E4E /* Pods-NHLLifeBookTests.release.xcconfig */;
			buildSettings = {
				BUNDLE_LOADER = "$(TEST_HOST)";
				CODE_SIGN_STYLE = Automatic;
				DEVELOPMENT_TEAM = XG9433FZR9;
				INFOPLIST_FILE = NHLLifeBookTests/Info.plist;
				IPHONEOS_DEPLOYMENT_TARGET = 13.2;
				LD_RUNPATH_SEARCH_PATHS = (
					"$(inherited)",
					"@executable_path/Frameworks",
					"@loader_path/Frameworks",
				);
				PRODUCT_BUNDLE_IDENTIFIER = nihility.NHLLifeBookTests;
				PRODUCT_NAME = "$(TARGET_NAME)";
				TARGETED_DEVICE_FAMILY = "1,2";
				TEST_HOST = "$(BUILT_PRODUCTS_DIR)/NHLLifeBook.app/NHLLifeBook";
			};
			name = Release;
		};
		F150B5182384F23100DEBBEA /* Debug */ = {
			isa = XCBuildConfiguration;
			baseConfigurationReference = 8C58660CF46FC7685E4E8FED /* Pods-NHLLifeBookUITests.debug.xcconfig */;
			buildSettings = {
				CODE_SIGN_STYLE = Automatic;
				DEVELOPMENT_TEAM = XG9433FZR9;
				INFOPLIST_FILE = NHLLifeBookUITests/Info.plist;
				LD_RUNPATH_SEARCH_PATHS = (
					"$(inherited)",
					"@executable_path/Frameworks",
					"@loader_path/Frameworks",
				);
				PRODUCT_BUNDLE_IDENTIFIER = nihility.NHLLifeBookUITests;
				PRODUCT_NAME = "$(TARGET_NAME)";
				TARGETED_DEVICE_FAMILY = "1,2";
				TEST_TARGET_NAME = NHLLifeBook;
			};
			name = Debug;
		};
		F150B5192384F23100DEBBEA /* Release */ = {
			isa = XCBuildConfiguration;
			baseConfigurationReference = 78CD9F556B35144CE5B17384 /* Pods-NHLLifeBookUITests.release.xcconfig */;
			buildSettings = {
				CODE_SIGN_STYLE = Automatic;
				DEVELOPMENT_TEAM = XG9433FZR9;
				INFOPLIST_FILE = NHLLifeBookUITests/Info.plist;
				LD_RUNPATH_SEARCH_PATHS = (
					"$(inherited)",
					"@executable_path/Frameworks",
					"@loader_path/Frameworks",
				);
				PRODUCT_BUNDLE_IDENTIFIER = nihility.NHLLifeBookUITests;
				PRODUCT_NAME = "$(TARGET_NAME)";
				TARGETED_DEVICE_FAMILY = "1,2";
				TEST_TARGET_NAME = NHLLifeBook;
			};
			name = Release;
		};
/* End XCBuildConfiguration section */

/* Begin XCConfigurationList section */
		F150B4DD2384F22F00DEBBEA /* Build configuration list for PBXProject "NHLLifeBook" */ = {
			isa = XCConfigurationList;
			buildConfigurations = (
				F150B50F2384F23100DEBBEA /* Debug */,
				F150B5102384F23100DEBBEA /* Release */,
			);
			defaultConfigurationIsVisible = 0;
			defaultConfigurationName = Release;
		};
		F150B5112384F23100DEBBEA /* Build configuration list for PBXNativeTarget "NHLLifeBook" */ = {
			isa = XCConfigurationList;
			buildConfigurations = (
				F150B5122384F23100DEBBEA /* Debug */,
				F150B5132384F23100DEBBEA /* Release */,
			);
			defaultConfigurationIsVisible = 0;
			defaultConfigurationName = Release;
		};
		F150B5142384F23100DEBBEA /* Build configuration list for PBXNativeTarget "NHLLifeBookTests" */ = {
			isa = XCConfigurationList;
			buildConfigurations = (
				F150B5152384F23100DEBBEA /* Debug */,
				F150B5162384F23100DEBBEA /* Release */,
			);
			defaultConfigurationIsVisible = 0;
			defaultConfigurationName = Release;
		};
		F150B5172384F23100DEBBEA /* Build configuration list for PBXNativeTarget "NHLLifeBookUITests" */ = {
			isa = XCConfigurationList;
			buildConfigurations = (
				F150B5182384F23100DEBBEA /* Debug */,
				F150B5192384F23100DEBBEA /* Release */,
			);
			defaultConfigurationIsVisible = 0;
			defaultConfigurationName = Release;
		};
/* End XCConfigurationList section */
	};
	rootObject = F150B4DA2384F22F00DEBBEA /* Project object */;
}
